// !$*UTF8*$!
{
	archiveVersion = 1;
	classes = {
	};
	objectVersion = 45;
	objects = {

/* Begin PBXBuildFile section */
		0F2E945214E4CE6E00F091A4 /* OFReachability.m in Sources */ = {isa = PBXBuildFile; fileRef = 0F2E945114E4CE6E00F091A4 /* OFReachability.m */; };
		0F2E945B14E4CEF000F091A4 /* YXTSettings.m in Sources */ = {isa = PBXBuildFile; fileRef = 0F2E945A14E4CEF000F091A4 /* YXTSettings.m */; };
		0F2E967914E50D5500F091A4 /* YXTBasicTabController.m in Sources */ = {isa = PBXBuildFile; fileRef = 0F2E967814E50D5500F091A4 /* YXTBasicTabController.m */; };
		0F2E970C14E522FD00F091A4 /* bg_titlearea.png in Resources */ = {isa = PBXBuildFile; fileRef = 0F2E970414E522FD00F091A4 /* bg_titlearea.png */; };
		0F2E970D14E522FD00F091A4 /* icon_help.png in Resources */ = {isa = PBXBuildFile; fileRef = 0F2E970614E522FD00F091A4 /* icon_help.png */; };
		0F2E970E14E522FD00F091A4 /* icon_help_xuanzhong.png in Resources */ = {isa = PBXBuildFile; fileRef = 0F2E970714E522FD00F091A4 /* icon_help_xuanzhong.png */; };
		0F2E970F14E522FD00F091A4 /* icon_yingpian.png in Resources */ = {isa = PBXBuildFile; fileRef = 0F2E970814E522FD00F091A4 /* icon_yingpian.png */; };
		0F2E971014E522FD00F091A4 /* icon_yingpian_xuanzhong.png in Resources */ = {isa = PBXBuildFile; fileRef = 0F2E970914E522FD00F091A4 /* icon_yingpian_xuanzhong.png */; };
		0F2E971114E522FD00F091A4 /* icon_yingyuan.png in Resources */ = {isa = PBXBuildFile; fileRef = 0F2E970A14E522FD00F091A4 /* icon_yingyuan.png */; };
		0F2E971214E522FD00F091A4 /* icon_yingyuan_xuanzhong.png in Resources */ = {isa = PBXBuildFile; fileRef = 0F2E970B14E522FD00F091A4 /* icon_yingyuan_xuanzhong.png */; };
		0F2E976914E5340500F091A4 /* btn_back.png in Resources */ = {isa = PBXBuildFile; fileRef = 0F2E976714E5340500F091A4 /* btn_back.png */; };
		0F2E976A14E5340500F091A4 /* dropselect.png in Resources */ = {isa = PBXBuildFile; fileRef = 0F2E976814E5340500F091A4 /* dropselect.png */; };
		0F2E9A0214E652C500F091A4 /* YXTBasicViewController.m in Sources */ = {isa = PBXBuildFile; fileRef = 0F2E9A0114E652C500F091A4 /* YXTBasicViewController.m */; };
		0F2E9CE714E7687300F091A4 /* OFXPRequest.m in Sources */ = {isa = PBXBuildFile; fileRef = 0F2E9CE614E7687300F091A4 /* OFXPRequest.m */; };
		0F2E9DF014E7AF4800F091A4 /* YXTLocation.m in Sources */ = {isa = PBXBuildFile; fileRef = 0F2E9DEF14E7AF4800F091A4 /* YXTLocation.m */; };
		0F2EA02414E7DF9C00F091A4 /* NSNotificationCenter+OF.m in Sources */ = {isa = PBXBuildFile; fileRef = 0F2EA02314E7DF9C00F091A4 /* NSNotificationCenter+OF.m */; };
		1D3623260D0F684500981E51 /* YuanXTAppDelegate.m in Sources */ = {isa = PBXBuildFile; fileRef = 1D3623250D0F684500981E51 /* YuanXTAppDelegate.m */; };
		1D60589B0D05DD56006BFB54 /* main.m in Sources */ = {isa = PBXBuildFile; fileRef = 29B97316FDCFA39411CA2CEA /* main.m */; };
		1D60589F0D05DD5A006BFB54 /* Foundation.framework in Frameworks */ = {isa = PBXBuildFile; fileRef = 1D30AB110D05D00D00671497 /* Foundation.framework */; };
		1DF5F4E00D08C38300B7A737 /* UIKit.framework in Frameworks */ = {isa = PBXBuildFile; fileRef = 1DF5F4DF0D08C38300B7A737 /* UIKit.framework */; };
		288765A50DF7441C002DB57D /* CoreGraphics.framework in Frameworks */ = {isa = PBXBuildFile; fileRef = 288765A40DF7441C002DB57D /* CoreGraphics.framework */; };
		28AD733F0D9D9553002E5188 /* MainWindow.xib in Resources */ = {isa = PBXBuildFile; fileRef = 28AD733E0D9D9553002E5188 /* MainWindow.xib */; };
		CE82370414E39B7000412576 /* QuartzCore.framework in Frameworks */ = {isa = PBXBuildFile; fileRef = CE82370314E39B7000412576 /* QuartzCore.framework */; };
		CE82370814E39B7E00412576 /* CoreLocation.framework in Frameworks */ = {isa = PBXBuildFile; fileRef = CE82370714E39B7E00412576 /* CoreLocation.framework */; };
		CE82370C14E39B8700412576 /* MapKit.framework in Frameworks */ = {isa = PBXBuildFile; fileRef = CE82370B14E39B8700412576 /* MapKit.framework */; };
		CE82371014E39B9800412576 /* CFNetwork.framework in Frameworks */ = {isa = PBXBuildFile; fileRef = CE82370F14E39B9800412576 /* CFNetwork.framework */; };
		CE82371214E39BA200412576 /* SystemConfiguration.framework in Frameworks */ = {isa = PBXBuildFile; fileRef = CE82371114E39BA200412576 /* SystemConfiguration.framework */; };
		CE82371414E39BAA00412576 /* MobileCoreServices.framework in Frameworks */ = {isa = PBXBuildFile; fileRef = CE82371314E39BAA00412576 /* MobileCoreServices.framework */; };
		CE82371614E39BBB00412576 /* libz.1.2.3.dylib in Frameworks */ = {isa = PBXBuildFile; fileRef = CE82371514E39BBB00412576 /* libz.1.2.3.dylib */; };
		CE82377114E39CE800412576 /* ASIAuthenticationDialog.m in Sources */ = {isa = PBXBuildFile; fileRef = CE82375114E39CE800412576 /* ASIAuthenticationDialog.m */; };
		CE82377214E39CE800412576 /* ASIFormDataRequest.m in Sources */ = {isa = PBXBuildFile; fileRef = CE82375314E39CE800412576 /* ASIFormDataRequest.m */; };
		CE82377314E39CE800412576 /* ASIHTTPRequest.m in Sources */ = {isa = PBXBuildFile; fileRef = CE82375514E39CE800412576 /* ASIHTTPRequest.m */; };
		CE82377414E39CE800412576 /* ASIInputStream.m in Sources */ = {isa = PBXBuildFile; fileRef = CE82375914E39CE800412576 /* ASIInputStream.m */; };
		CE82377514E39CE800412576 /* ASINetworkQueue.m in Sources */ = {isa = PBXBuildFile; fileRef = CE82375B14E39CE800412576 /* ASINetworkQueue.m */; };
		CE82377614E39CE800412576 /* ASINSStringAdditions.m in Sources */ = {isa = PBXBuildFile; fileRef = CE82375D14E39CE800412576 /* ASINSStringAdditions.m */; };
		CE82377714E39CE800412576 /* Reachability.m in Sources */ = {isa = PBXBuildFile; fileRef = CE82376014E39CE800412576 /* Reachability.m */; };
		CE82377814E39CE800412576 /* NSObject+SBJSON.m in Sources */ = {isa = PBXBuildFile; fileRef = CE82376414E39CE800412576 /* NSObject+SBJSON.m */; };
		CE82377914E39CE800412576 /* NSString+SBJSON.m in Sources */ = {isa = PBXBuildFile; fileRef = CE82376614E39CE800412576 /* NSString+SBJSON.m */; };
		CE82377A14E39CE800412576 /* SBJSON.m in Sources */ = {isa = PBXBuildFile; fileRef = CE82376814E39CE800412576 /* SBJSON.m */; };
		CE82377B14E39CE800412576 /* SBJsonBase.m in Sources */ = {isa = PBXBuildFile; fileRef = CE82376A14E39CE800412576 /* SBJsonBase.m */; };
		CE82377C14E39CE800412576 /* SBJsonParser.m in Sources */ = {isa = PBXBuildFile; fileRef = CE82376C14E39CE800412576 /* SBJsonParser.m */; };
		CE82377D14E39CE800412576 /* SBJsonWriter.m in Sources */ = {isa = PBXBuildFile; fileRef = CE82376E14E39CE800412576 /* SBJsonWriter.m */; };
		CE82379014E39DDC00412576 /* YXTNavigationController.m in Sources */ = {isa = PBXBuildFile; fileRef = CE82378314E39DDC00412576 /* YXTNavigationController.m */; };
		CE82379114E39DDC00412576 /* YXTTabBarController.m in Sources */ = {isa = PBXBuildFile; fileRef = CE82378614E39DDC00412576 /* YXTTabBarController.m */; };
		CE82379214E39DDC00412576 /* YXTCinimaTabController.m in Sources */ = {isa = PBXBuildFile; fileRef = CE82378914E39DDC00412576 /* YXTCinimaTabController.m */; };
		CE82379314E39DDC00412576 /* YXTFilmTabController.m in Sources */ = {isa = PBXBuildFile; fileRef = CE82378C14E39DDC00412576 /* YXTFilmTabController.m */; };
		CE82379414E39DDC00412576 /* YXTHelpTabController.m in Sources */ = {isa = PBXBuildFile; fileRef = CE82378F14E39DDC00412576 /* YXTHelpTabController.m */; };
		CE82379914E39FCA00412576 /* Security.framework in Frameworks */ = {isa = PBXBuildFile; fileRef = CE82379814E39FCA00412576 /* Security.framework */; };
/* End PBXBuildFile section */

/* Begin PBXFileReference section */
		0F2E945014E4CE6E00F091A4 /* OFReachability.h */ = {isa = PBXFileReference; fileEncoding = 4; lastKnownFileType = sourcecode.c.h; path = OFReachability.h; sourceTree = "<group>"; };
		0F2E945114E4CE6E00F091A4 /* OFReachability.m */ = {isa = PBXFileReference; fileEncoding = 4; lastKnownFileType = sourcecode.c.objc; path = OFReachability.m; sourceTree = "<group>"; };
		0F2E945914E4CEF000F091A4 /* YXTSettings.h */ = {isa = PBXFileReference; fileEncoding = 4; lastKnownFileType = sourcecode.c.h; path = YXTSettings.h; sourceTree = "<group>"; };
		0F2E945A14E4CEF000F091A4 /* YXTSettings.m */ = {isa = PBXFileReference; fileEncoding = 4; lastKnownFileType = sourcecode.c.objc; path = YXTSettings.m; sourceTree = "<group>"; };
		0F2E967714E50D5500F091A4 /* YXTBasicTabController.h */ = {isa = PBXFileReference; fileEncoding = 4; lastKnownFileType = sourcecode.c.h; path = YXTBasicTabController.h; sourceTree = "<group>"; };
		0F2E967814E50D5500F091A4 /* YXTBasicTabController.m */ = {isa = PBXFileReference; fileEncoding = 4; lastKnownFileType = sourcecode.c.objc; path = YXTBasicTabController.m; sourceTree = "<group>"; };
		0F2E970414E522FD00F091A4 /* bg_titlearea.png */ = {isa = PBXFileReference; lastKnownFileType = image.png; path = bg_titlearea.png; sourceTree = "<group>"; };
		0F2E970614E522FD00F091A4 /* icon_help.png */ = {isa = PBXFileReference; lastKnownFileType = image.png; path = icon_help.png; sourceTree = "<group>"; };
		0F2E970714E522FD00F091A4 /* icon_help_xuanzhong.png */ = {isa = PBXFileReference; lastKnownFileType = image.png; path = icon_help_xuanzhong.png; sourceTree = "<group>"; };
		0F2E970814E522FD00F091A4 /* icon_yingpian.png */ = {isa = PBXFileReference; lastKnownFileType = image.png; path = icon_yingpian.png; sourceTree = "<group>"; };
		0F2E970914E522FD00F091A4 /* icon_yingpian_xuanzhong.png */ = {isa = PBXFileReference; lastKnownFileType = image.png; path = icon_yingpian_xuanzhong.png; sourceTree = "<group>"; };
		0F2E970A14E522FD00F091A4 /* icon_yingyuan.png */ = {isa = PBXFileReference; lastKnownFileType = image.png; path = icon_yingyuan.png; sourceTree = "<group>"; };
		0F2E970B14E522FD00F091A4 /* icon_yingyuan_xuanzhong.png */ = {isa = PBXFileReference; lastKnownFileType = image.png; path = icon_yingyuan_xuanzhong.png; sourceTree = "<group>"; };
		0F2E976714E5340500F091A4 /* btn_back.png */ = {isa = PBXFileReference; lastKnownFileType = image.png; path = btn_back.png; sourceTree = "<group>"; };
		0F2E976814E5340500F091A4 /* dropselect.png */ = {isa = PBXFileReference; lastKnownFileType = image.png; path = dropselect.png; sourceTree = "<group>"; };
		0F2E9A0014E652C500F091A4 /* YXTBasicViewController.h */ = {isa = PBXFileReference; fileEncoding = 4; lastKnownFileType = sourcecode.c.h; path = YXTBasicViewController.h; sourceTree = "<group>"; };
		0F2E9A0114E652C500F091A4 /* YXTBasicViewController.m */ = {isa = PBXFileReference; fileEncoding = 4; lastKnownFileType = sourcecode.c.objc; path = YXTBasicViewController.m; sourceTree = "<group>"; };
		0F2E9CE514E7687300F091A4 /* OFXPRequest.h */ = {isa = PBXFileReference; fileEncoding = 4; lastKnownFileType = sourcecode.c.h; path = OFXPRequest.h; sourceTree = "<group>"; };
		0F2E9CE614E7687300F091A4 /* OFXPRequest.m */ = {isa = PBXFileReference; fileEncoding = 4; lastKnownFileType = sourcecode.c.objc; path = OFXPRequest.m; sourceTree = "<group>"; };
		0F2E9DEE14E7AF4800F091A4 /* YXTLocation.h */ = {isa = PBXFileReference; fileEncoding = 4; lastKnownFileType = sourcecode.c.h; path = YXTLocation.h; sourceTree = "<group>"; };
		0F2E9DEF14E7AF4800F091A4 /* YXTLocation.m */ = {isa = PBXFileReference; fileEncoding = 4; lastKnownFileType = sourcecode.c.objc; path = YXTLocation.m; sourceTree = "<group>"; };
		0F2EA02214E7DF9C00F091A4 /* NSNotificationCenter+OF.h */ = {isa = PBXFileReference; fileEncoding = 4; lastKnownFileType = sourcecode.c.h; path = "NSNotificationCenter+OF.h"; sourceTree = "<group>"; };
		0F2EA02314E7DF9C00F091A4 /* NSNotificationCenter+OF.m */ = {isa = PBXFileReference; fileEncoding = 4; lastKnownFileType = sourcecode.c.objc; path = "NSNotificationCenter+OF.m"; sourceTree = "<group>"; };
		1D30AB110D05D00D00671497 /* Foundation.framework */ = {isa = PBXFileReference; lastKnownFileType = wrapper.framework; name = Foundation.framework; path = System/Library/Frameworks/Foundation.framework; sourceTree = SDKROOT; };
		1D3623240D0F684500981E51 /* YuanXTAppDelegate.h */ = {isa = PBXFileReference; fileEncoding = 4; lastKnownFileType = sourcecode.c.h; path = YuanXTAppDelegate.h; sourceTree = "<group>"; };
		1D3623250D0F684500981E51 /* YuanXTAppDelegate.m */ = {isa = PBXFileReference; fileEncoding = 4; lastKnownFileType = sourcecode.c.objc; path = YuanXTAppDelegate.m; sourceTree = "<group>"; };
		1D6058910D05DD3D006BFB54 /* YuanXT.app */ = {isa = PBXFileReference; explicitFileType = wrapper.application; includeInIndex = 0; path = YuanXT.app; sourceTree = BUILT_PRODUCTS_DIR; };
		1DF5F4DF0D08C38300B7A737 /* UIKit.framework */ = {isa = PBXFileReference; lastKnownFileType = wrapper.framework; name = UIKit.framework; path = System/Library/Frameworks/UIKit.framework; sourceTree = SDKROOT; };
		288765A40DF7441C002DB57D /* CoreGraphics.framework */ = {isa = PBXFileReference; lastKnownFileType = wrapper.framework; name = CoreGraphics.framework; path = System/Library/Frameworks/CoreGraphics.framework; sourceTree = SDKROOT; };
		28AD733E0D9D9553002E5188 /* MainWindow.xib */ = {isa = PBXFileReference; lastKnownFileType = file.xib; path = MainWindow.xib; sourceTree = "<group>"; };
		29B97316FDCFA39411CA2CEA /* main.m */ = {isa = PBXFileReference; fileEncoding = 4; lastKnownFileType = sourcecode.c.objc; path = main.m; sourceTree = "<group>"; };
		32CA4F630368D1EE00C91783 /* YuanXT_Prefix.pch */ = {isa = PBXFileReference; fileEncoding = 4; lastKnownFileType = sourcecode.c.h; path = YuanXT_Prefix.pch; sourceTree = "<group>"; };
		8D1107310486CEB800E47090 /* YuanXT-Info.plist */ = {isa = PBXFileReference; fileEncoding = 4; lastKnownFileType = text.plist.xml; path = "YuanXT-Info.plist"; plistStructureDefinitionIdentifier = "com.apple.xcode.plist.structure-definition.iphone.info-plist"; sourceTree = "<group>"; };
		CE82370314E39B7000412576 /* QuartzCore.framework */ = {isa = PBXFileReference; lastKnownFileType = wrapper.framework; name = QuartzCore.framework; path = System/Library/Frameworks/QuartzCore.framework; sourceTree = SDKROOT; };
		CE82370714E39B7E00412576 /* CoreLocation.framework */ = {isa = PBXFileReference; lastKnownFileType = wrapper.framework; name = CoreLocation.framework; path = System/Library/Frameworks/CoreLocation.framework; sourceTree = SDKROOT; };
		CE82370B14E39B8700412576 /* MapKit.framework */ = {isa = PBXFileReference; lastKnownFileType = wrapper.framework; name = MapKit.framework; path = System/Library/Frameworks/MapKit.framework; sourceTree = SDKROOT; };
		CE82370F14E39B9800412576 /* CFNetwork.framework */ = {isa = PBXFileReference; lastKnownFileType = wrapper.framework; name = CFNetwork.framework; path = System/Library/Frameworks/CFNetwork.framework; sourceTree = SDKROOT; };
		CE82371114E39BA200412576 /* SystemConfiguration.framework */ = {isa = PBXFileReference; lastKnownFileType = wrapper.framework; name = SystemConfiguration.framework; path = System/Library/Frameworks/SystemConfiguration.framework; sourceTree = SDKROOT; };
		CE82371314E39BAA00412576 /* MobileCoreServices.framework */ = {isa = PBXFileReference; lastKnownFileType = wrapper.framework; name = MobileCoreServices.framework; path = System/Library/Frameworks/MobileCoreServices.framework; sourceTree = SDKROOT; };
		CE82371514E39BBB00412576 /* libz.1.2.3.dylib */ = {isa = PBXFileReference; lastKnownFileType = "compiled.mach-o.dylib"; name = libz.1.2.3.dylib; path = usr/lib/libz.1.2.3.dylib; sourceTree = SDKROOT; };
		CE82375014E39CE800412576 /* ASIAuthenticationDialog.h */ = {isa = PBXFileReference; fileEncoding = 4; lastKnownFileType = sourcecode.c.h; path = ASIAuthenticationDialog.h; sourceTree = "<group>"; };
		CE82375114E39CE800412576 /* ASIAuthenticationDialog.m */ = {isa = PBXFileReference; fileEncoding = 4; lastKnownFileType = sourcecode.c.objc; path = ASIAuthenticationDialog.m; sourceTree = "<group>"; };
		CE82375214E39CE800412576 /* ASIFormDataRequest.h */ = {isa = PBXFileReference; fileEncoding = 4; lastKnownFileType = sourcecode.c.h; path = ASIFormDataRequest.h; sourceTree = "<group>"; };
		CE82375314E39CE800412576 /* ASIFormDataRequest.m */ = {isa = PBXFileReference; fileEncoding = 4; lastKnownFileType = sourcecode.c.objc; path = ASIFormDataRequest.m; sourceTree = "<group>"; };
		CE82375414E39CE800412576 /* ASIHTTPRequest.h */ = {isa = PBXFileReference; fileEncoding = 4; lastKnownFileType = sourcecode.c.h; path = ASIHTTPRequest.h; sourceTree = "<group>"; };
		CE82375514E39CE800412576 /* ASIHTTPRequest.m */ = {isa = PBXFileReference; fileEncoding = 4; lastKnownFileType = sourcecode.c.objc; path = ASIHTTPRequest.m; sourceTree = "<group>"; };
		CE82375614E39CE800412576 /* ASIHTTPRequestConfig.h */ = {isa = PBXFileReference; fileEncoding = 4; lastKnownFileType = sourcecode.c.h; path = ASIHTTPRequestConfig.h; sourceTree = "<group>"; };
		CE82375714E39CE800412576 /* ASIHTTPRequestDelegate.h */ = {isa = PBXFileReference; fileEncoding = 4; lastKnownFileType = sourcecode.c.h; path = ASIHTTPRequestDelegate.h; sourceTree = "<group>"; };
		CE82375814E39CE800412576 /* ASIInputStream.h */ = {isa = PBXFileReference; fileEncoding = 4; lastKnownFileType = sourcecode.c.h; path = ASIInputStream.h; sourceTree = "<group>"; };
		CE82375914E39CE800412576 /* ASIInputStream.m */ = {isa = PBXFileReference; fileEncoding = 4; lastKnownFileType = sourcecode.c.objc; path = ASIInputStream.m; sourceTree = "<group>"; };
		CE82375A14E39CE800412576 /* ASINetworkQueue.h */ = {isa = PBXFileReference; fileEncoding = 4; lastKnownFileType = sourcecode.c.h; path = ASINetworkQueue.h; sourceTree = "<group>"; };
		CE82375B14E39CE800412576 /* ASINetworkQueue.m */ = {isa = PBXFileReference; fileEncoding = 4; lastKnownFileType = sourcecode.c.objc; path = ASINetworkQueue.m; sourceTree = "<group>"; };
		CE82375C14E39CE800412576 /* ASINSStringAdditions.h */ = {isa = PBXFileReference; fileEncoding = 4; lastKnownFileType = sourcecode.c.h; path = ASINSStringAdditions.h; sourceTree = "<group>"; };
		CE82375D14E39CE800412576 /* ASINSStringAdditions.m */ = {isa = PBXFileReference; fileEncoding = 4; lastKnownFileType = sourcecode.c.objc; path = ASINSStringAdditions.m; sourceTree = "<group>"; };
		CE82375E14E39CE800412576 /* ASIProgressDelegate.h */ = {isa = PBXFileReference; fileEncoding = 4; lastKnownFileType = sourcecode.c.h; path = ASIProgressDelegate.h; sourceTree = "<group>"; };
		CE82375F14E39CE800412576 /* Reachability.h */ = {isa = PBXFileReference; fileEncoding = 4; lastKnownFileType = sourcecode.c.h; path = Reachability.h; sourceTree = "<group>"; };
		CE82376014E39CE800412576 /* Reachability.m */ = {isa = PBXFileReference; fileEncoding = 4; lastKnownFileType = sourcecode.c.objc; path = Reachability.m; sourceTree = "<group>"; };
		CE82376214E39CE800412576 /* JSON.h */ = {isa = PBXFileReference; fileEncoding = 4; lastKnownFileType = sourcecode.c.h; path = JSON.h; sourceTree = "<group>"; };
		CE82376314E39CE800412576 /* NSObject+SBJSON.h */ = {isa = PBXFileReference; fileEncoding = 4; lastKnownFileType = sourcecode.c.h; path = "NSObject+SBJSON.h"; sourceTree = "<group>"; };
		CE82376414E39CE800412576 /* NSObject+SBJSON.m */ = {isa = PBXFileReference; fileEncoding = 4; lastKnownFileType = sourcecode.c.objc; path = "NSObject+SBJSON.m"; sourceTree = "<group>"; };
		CE82376514E39CE800412576 /* NSString+SBJSON.h */ = {isa = PBXFileReference; fileEncoding = 4; lastKnownFileType = sourcecode.c.h; path = "NSString+SBJSON.h"; sourceTree = "<group>"; };
		CE82376614E39CE800412576 /* NSString+SBJSON.m */ = {isa = PBXFileReference; fileEncoding = 4; lastKnownFileType = sourcecode.c.objc; path = "NSString+SBJSON.m"; sourceTree = "<group>"; };
		CE82376714E39CE800412576 /* SBJSON.h */ = {isa = PBXFileReference; fileEncoding = 4; lastKnownFileType = sourcecode.c.h; path = SBJSON.h; sourceTree = "<group>"; };
		CE82376814E39CE800412576 /* SBJSON.m */ = {isa = PBXFileReference; fileEncoding = 4; lastKnownFileType = sourcecode.c.objc; path = SBJSON.m; sourceTree = "<group>"; };
		CE82376914E39CE800412576 /* SBJsonBase.h */ = {isa = PBXFileReference; fileEncoding = 4; lastKnownFileType = sourcecode.c.h; path = SBJsonBase.h; sourceTree = "<group>"; };
		CE82376A14E39CE800412576 /* SBJsonBase.m */ = {isa = PBXFileReference; fileEncoding = 4; lastKnownFileType = sourcecode.c.objc; path = SBJsonBase.m; sourceTree = "<group>"; };
		CE82376B14E39CE800412576 /* SBJsonParser.h */ = {isa = PBXFileReference; fileEncoding = 4; lastKnownFileType = sourcecode.c.h; path = SBJsonParser.h; sourceTree = "<group>"; };
		CE82376C14E39CE800412576 /* SBJsonParser.m */ = {isa = PBXFileReference; fileEncoding = 4; lastKnownFileType = sourcecode.c.objc; path = SBJsonParser.m; sourceTree = "<group>"; };
		CE82376D14E39CE800412576 /* SBJsonWriter.h */ = {isa = PBXFileReference; fileEncoding = 4; lastKnownFileType = sourcecode.c.h; path = SBJsonWriter.h; sourceTree = "<group>"; };
		CE82376E14E39CE800412576 /* SBJsonWriter.m */ = {isa = PBXFileReference; fileEncoding = 4; lastKnownFileType = sourcecode.c.objc; path = SBJsonWriter.m; sourceTree = "<group>"; };
		CE82378214E39DDC00412576 /* YXTNavigationController.h */ = {isa = PBXFileReference; fileEncoding = 4; lastKnownFileType = sourcecode.c.h; path = YXTNavigationController.h; sourceTree = "<group>"; };
		CE82378314E39DDC00412576 /* YXTNavigationController.m */ = {isa = PBXFileReference; fileEncoding = 4; lastKnownFileType = sourcecode.c.objc; path = YXTNavigationController.m; sourceTree = "<group>"; };
		CE82378514E39DDC00412576 /* YXTTabBarController.h */ = {isa = PBXFileReference; fileEncoding = 4; lastKnownFileType = sourcecode.c.h; path = YXTTabBarController.h; sourceTree = "<group>"; };
		CE82378614E39DDC00412576 /* YXTTabBarController.m */ = {isa = PBXFileReference; fileEncoding = 4; lastKnownFileType = sourcecode.c.objc; path = YXTTabBarController.m; sourceTree = "<group>"; };
		CE82378814E39DDC00412576 /* YXTCinimaTabController.h */ = {isa = PBXFileReference; fileEncoding = 4; lastKnownFileType = sourcecode.c.h; path = YXTCinimaTabController.h; sourceTree = "<group>"; };
		CE82378914E39DDC00412576 /* YXTCinimaTabController.m */ = {isa = PBXFileReference; fileEncoding = 4; lastKnownFileType = sourcecode.c.objc; path = YXTCinimaTabController.m; sourceTree = "<group>"; };
		CE82378B14E39DDC00412576 /* YXTFilmTabController.h */ = {isa = PBXFileReference; fileEncoding = 4; lastKnownFileType = sourcecode.c.h; path = YXTFilmTabController.h; sourceTree = "<group>"; };
		CE82378C14E39DDC00412576 /* YXTFilmTabController.m */ = {isa = PBXFileReference; fileEncoding = 4; lastKnownFileType = sourcecode.c.objc; path = YXTFilmTabController.m; sourceTree = "<group>"; };
		CE82378E14E39DDC00412576 /* YXTHelpTabController.h */ = {isa = PBXFileReference; fileEncoding = 4; lastKnownFileType = sourcecode.c.h; path = YXTHelpTabController.h; sourceTree = "<group>"; };
		CE82378F14E39DDC00412576 /* YXTHelpTabController.m */ = {isa = PBXFileReference; fileEncoding = 4; lastKnownFileType = sourcecode.c.objc; path = YXTHelpTabController.m; sourceTree = "<group>"; };
		CE82379814E39FCA00412576 /* Security.framework */ = {isa = PBXFileReference; lastKnownFileType = wrapper.framework; name = Security.framework; path = System/Library/Frameworks/Security.framework; sourceTree = SDKROOT; };
/* End PBXFileReference section */

/* Begin PBXFrameworksBuildPhase section */
		1D60588F0D05DD3D006BFB54 /* Frameworks */ = {
			isa = PBXFrameworksBuildPhase;
			buildActionMask = 2147483647;
			files = (
				1D60589F0D05DD5A006BFB54 /* Foundation.framework in Frameworks */,
				1DF5F4E00D08C38300B7A737 /* UIKit.framework in Frameworks */,
				288765A50DF7441C002DB57D /* CoreGraphics.framework in Frameworks */,
				CE82370414E39B7000412576 /* QuartzCore.framework in Frameworks */,
				CE82370814E39B7E00412576 /* CoreLocation.framework in Frameworks */,
				CE82370C14E39B8700412576 /* MapKit.framework in Frameworks */,
				CE82371014E39B9800412576 /* CFNetwork.framework in Frameworks */,
				CE82371214E39BA200412576 /* SystemConfiguration.framework in Frameworks */,
				CE82371414E39BAA00412576 /* MobileCoreServices.framework in Frameworks */,
				CE82371614E39BBB00412576 /* libz.1.2.3.dylib in Frameworks */,
				CE82379914E39FCA00412576 /* Security.framework in Frameworks */,
			);
			runOnlyForDeploymentPostprocessing = 0;
		};
/* End PBXFrameworksBuildPhase section */

/* Begin PBXGroup section */
		080E96DDFE201D6D7F000001 /* Classes */ = {
			isa = PBXGroup;
			children = (
				CE82378014E39DDC00412576 /* Controllers */,
				1D3623240D0F684500981E51 /* YuanXTAppDelegate.h */,
				1D3623250D0F684500981E51 /* YuanXTAppDelegate.m */,
				0F2E9DEC14E7AEED00F091A4 /* Services */,
				0F2E9CE414E7685F00F091A4 /* Requests */,
				0F2E945814E4CEDA00F091A4 /* Settings */,
			);
			path = Classes;
			sourceTree = "<group>";
		};
		0F2E945814E4CEDA00F091A4 /* Settings */ = {
			isa = PBXGroup;
			children = (
				0F2E945914E4CEF000F091A4 /* YXTSettings.h */,
				0F2E945A14E4CEF000F091A4 /* YXTSettings.m */,
			);
			path = Settings;
			sourceTree = "<group>";
		};
		0F2E966F14E50C4C00F091A4 /* image */ = {
			isa = PBXGroup;
			children = (
				0F2E970314E522FD00F091A4 /* navigation */,
				0F2E970514E522FD00F091A4 /* tab */,
			);
			path = image;
			sourceTree = "<group>";
		};
		0F2E970314E522FD00F091A4 /* navigation */ = {
			isa = PBXGroup;
			children = (
				0F2E976714E5340500F091A4 /* btn_back.png */,
				0F2E976814E5340500F091A4 /* dropselect.png */,
				0F2E970414E522FD00F091A4 /* bg_titlearea.png */,
			);
			path = navigation;
			sourceTree = "<group>";
		};
		0F2E970514E522FD00F091A4 /* tab */ = {
			isa = PBXGroup;
			children = (
				0F2E970614E522FD00F091A4 /* icon_help.png */,
				0F2E970714E522FD00F091A4 /* icon_help_xuanzhong.png */,
				0F2E970814E522FD00F091A4 /* icon_yingpian.png */,
				0F2E970914E522FD00F091A4 /* icon_yingpian_xuanzhong.png */,
				0F2E970A14E522FD00F091A4 /* icon_yingyuan.png */,
				0F2E970B14E522FD00F091A4 /* icon_yingyuan_xuanzhong.png */,
			);
			path = tab;
			sourceTree = "<group>";
		};
		0F2E9CE414E7685F00F091A4 /* Requests */ = {
			isa = PBXGroup;
			children = (
				0F2E9CE514E7687300F091A4 /* OFXPRequest.h */,
				0F2E9CE614E7687300F091A4 /* OFXPRequest.m */,
			);
			path = Requests;
			sourceTree = "<group>";
		};
		0F2E9DEC14E7AEED00F091A4 /* Services */ = {
			isa = PBXGroup;
			children = (
				0F2E9DED14E7AF2E00F091A4 /* YXTFilm */,
			);
			path = Services;
			sourceTree = "<group>";
		};
		0F2E9DED14E7AF2E00F091A4 /* YXTFilm */ = {
			isa = PBXGroup;
			children = (
				0F2E9DEE14E7AF4800F091A4 /* YXTLocation.h */,
				0F2E9DEF14E7AF4800F091A4 /* YXTLocation.m */,
			);
			path = YXTFilm;
			sourceTree = "<group>";
		};
		19C28FACFE9D520D11CA2CBB /* Products */ = {
			isa = PBXGroup;
			children = (
				1D6058910D05DD3D006BFB54 /* YuanXT.app */,
			);
			name = Products;
			sourceTree = "<group>";
		};
		29B97314FDCFA39411CA2CEA /* CustomTemplate */ = {
			isa = PBXGroup;
			children = (
				080E96DDFE201D6D7F000001 /* Classes */,
				29B97315FDCFA39411CA2CEA /* Other Sources */,
				CE82374E14E39CE800412576 /* ThirdPart */,
				29B97317FDCFA39411CA2CEA /* Resources */,
				29B97323FDCFA39411CA2CEA /* Frameworks */,
				19C28FACFE9D520D11CA2CBB /* Products */,
			);
			name = CustomTemplate;
			sourceTree = "<group>";
		};
		29B97315FDCFA39411CA2CEA /* Other Sources */ = {
			isa = PBXGroup;
			children = (
				32CA4F630368D1EE00C91783 /* YuanXT_Prefix.pch */,
				29B97316FDCFA39411CA2CEA /* main.m */,
			);
			name = "Other Sources";
			sourceTree = "<group>";
		};
		29B97317FDCFA39411CA2CEA /* Resources */ = {
			isa = PBXGroup;
			children = (
				0F2E966F14E50C4C00F091A4 /* image */,
				28AD733E0D9D9553002E5188 /* MainWindow.xib */,
				8D1107310486CEB800E47090 /* YuanXT-Info.plist */,
			);
			name = Resources;
			sourceTree = "<group>";
		};
		29B97323FDCFA39411CA2CEA /* Frameworks */ = {
			isa = PBXGroup;
			children = (
				1DF5F4DF0D08C38300B7A737 /* UIKit.framework */,
				1D30AB110D05D00D00671497 /* Foundation.framework */,
				288765A40DF7441C002DB57D /* CoreGraphics.framework */,
				CE82370314E39B7000412576 /* QuartzCore.framework */,
				CE82370714E39B7E00412576 /* CoreLocation.framework */,
				CE82370B14E39B8700412576 /* MapKit.framework */,
				CE82370F14E39B9800412576 /* CFNetwork.framework */,
				CE82371114E39BA200412576 /* SystemConfiguration.framework */,
				CE82371314E39BAA00412576 /* MobileCoreServices.framework */,
				CE82371514E39BBB00412576 /* libz.1.2.3.dylib */,
				CE82379814E39FCA00412576 /* Security.framework */,
			);
			name = Frameworks;
			sourceTree = "<group>";
		};
		CE82374E14E39CE800412576 /* ThirdPart */ = {
			isa = PBXGroup;
			children = (
				CE82374F14E39CE800412576 /* ASIHTTPRequest */,
				0F2E945014E4CE6E00F091A4 /* OFReachability.h */,
				0F2E945114E4CE6E00F091A4 /* OFReachability.m */,
				0F2EA02214E7DF9C00F091A4 /* NSNotificationCenter+OF.h */,
				0F2EA02314E7DF9C00F091A4 /* NSNotificationCenter+OF.m */,
				CE82376114E39CE800412576 /* JSON */,
			);
			path = ThirdPart;
			sourceTree = "<group>";
		};
		CE82374F14E39CE800412576 /* ASIHTTPRequest */ = {
			isa = PBXGroup;
			children = (
				CE82375014E39CE800412576 /* ASIAuthenticationDialog.h */,
				CE82375114E39CE800412576 /* ASIAuthenticationDialog.m */,
				CE82375214E39CE800412576 /* ASIFormDataRequest.h */,
				CE82375314E39CE800412576 /* ASIFormDataRequest.m */,
				CE82375414E39CE800412576 /* ASIHTTPRequest.h */,
				CE82375514E39CE800412576 /* ASIHTTPRequest.m */,
				CE82375614E39CE800412576 /* ASIHTTPRequestConfig.h */,
				CE82375714E39CE800412576 /* ASIHTTPRequestDelegate.h */,
				CE82375814E39CE800412576 /* ASIInputStream.h */,
				CE82375914E39CE800412576 /* ASIInputStream.m */,
				CE82375A14E39CE800412576 /* ASINetworkQueue.h */,
				CE82375B14E39CE800412576 /* ASINetworkQueue.m */,
				CE82375C14E39CE800412576 /* ASINSStringAdditions.h */,
				CE82375D14E39CE800412576 /* ASINSStringAdditions.m */,
				CE82375E14E39CE800412576 /* ASIProgressDelegate.h */,
				CE82375F14E39CE800412576 /* Reachability.h */,
				CE82376014E39CE800412576 /* Reachability.m */,
			);
			path = ASIHTTPRequest;
			sourceTree = "<group>";
		};
		CE82376114E39CE800412576 /* JSON */ = {
			isa = PBXGroup;
			children = (
				CE82376214E39CE800412576 /* JSON.h */,
				CE82376314E39CE800412576 /* NSObject+SBJSON.h */,
				CE82376414E39CE800412576 /* NSObject+SBJSON.m */,
				CE82376514E39CE800412576 /* NSString+SBJSON.h */,
				CE82376614E39CE800412576 /* NSString+SBJSON.m */,
				CE82376714E39CE800412576 /* SBJSON.h */,
				CE82376814E39CE800412576 /* SBJSON.m */,
				CE82376914E39CE800412576 /* SBJsonBase.h */,
				CE82376A14E39CE800412576 /* SBJsonBase.m */,
				CE82376B14E39CE800412576 /* SBJsonParser.h */,
				CE82376C14E39CE800412576 /* SBJsonParser.m */,
				CE82376D14E39CE800412576 /* SBJsonWriter.h */,
				CE82376E14E39CE800412576 /* SBJsonWriter.m */,
			);
			path = JSON;
			sourceTree = "<group>";
		};
		CE82378014E39DDC00412576 /* Controllers */ = {
			isa = PBXGroup;
			children = (
				CE82378A14E39DDC00412576 /* YXTFilm */,
				CE82378714E39DDC00412576 /* YXTCinima */,
				CE82378D14E39DDC00412576 /* YXTHelp */,
				CE82378114E39DDC00412576 /* Navigation */,
				CE82378414E39DDC00412576 /* TabBar */,
				0F2E9A0014E652C500F091A4 /* YXTBasicViewController.h */,
				0F2E9A0114E652C500F091A4 /* YXTBasicViewController.m */,
			);
			path = Controllers;
			sourceTree = "<group>";
		};
		CE82378114E39DDC00412576 /* Navigation */ = {
			isa = PBXGroup;
			children = (
				CE82378214E39DDC00412576 /* YXTNavigationController.h */,
				CE82378314E39DDC00412576 /* YXTNavigationController.m */,
			);
			path = Navigation;
			sourceTree = "<group>";
		};
		CE82378414E39DDC00412576 /* TabBar */ = {
			isa = PBXGroup;
			children = (
				CE82378514E39DDC00412576 /* YXTTabBarController.h */,
				CE82378614E39DDC00412576 /* YXTTabBarController.m */,
				0F2E967714E50D5500F091A4 /* YXTBasicTabController.h */,
				0F2E967814E50D5500F091A4 /* YXTBasicTabController.m */,
			);
			path = TabBar;
			sourceTree = "<group>";
		};
		CE82378714E39DDC00412576 /* YXTCinima */ = {
			isa = PBXGroup;
			children = (
				CE82378814E39DDC00412576 /* YXTCinimaTabController.h */,
				CE82378914E39DDC00412576 /* YXTCinimaTabController.m */,
			);
			path = YXTCinima;
			sourceTree = "<group>";
		};
		CE82378A14E39DDC00412576 /* YXTFilm */ = {
			isa = PBXGroup;
			children = (
				CE82378B14E39DDC00412576 /* YXTFilmTabController.h */,
				CE82378C14E39DDC00412576 /* YXTFilmTabController.m */,
			);
			path = YXTFilm;
			sourceTree = "<group>";
		};
		CE82378D14E39DDC00412576 /* YXTHelp */ = {
			isa = PBXGroup;
			children = (
				CE82378E14E39DDC00412576 /* YXTHelpTabController.h */,
				CE82378F14E39DDC00412576 /* YXTHelpTabController.m */,
			);
			path = YXTHelp;
			sourceTree = "<group>";
		};
/* End PBXGroup section */

/* Begin PBXNativeTarget section */
		1D6058900D05DD3D006BFB54 /* YuanXT */ = {
			isa = PBXNativeTarget;
			buildConfigurationList = 1D6058960D05DD3E006BFB54 /* Build configuration list for PBXNativeTarget "YuanXT" */;
			buildPhases = (
				1D60588D0D05DD3D006BFB54 /* Resources */,
				1D60588E0D05DD3D006BFB54 /* Sources */,
				1D60588F0D05DD3D006BFB54 /* Frameworks */,
			);
			buildRules = (
			);
			dependencies = (
			);
			name = YuanXT;
			productName = YuanXT;
			productReference = 1D6058910D05DD3D006BFB54 /* YuanXT.app */;
			productType = "com.apple.product-type.application";
		};
/* End PBXNativeTarget section */

/* Begin PBXProject section */
		29B97313FDCFA39411CA2CEA /* Project object */ = {
			isa = PBXProject;
			buildConfigurationList = C01FCF4E08A954540054247B /* Build configuration list for PBXProject "YuanXT" */;
			compatibilityVersion = "Xcode 3.1";
			developmentRegion = English;
			hasScannedForEncodings = 1;
			knownRegions = (
				English,
				Japanese,
				French,
				German,
			);
			mainGroup = 29B97314FDCFA39411CA2CEA /* CustomTemplate */;
			projectDirPath = "";
			projectRoot = "";
			targets = (
				1D6058900D05DD3D006BFB54 /* YuanXT */,
			);
		};
/* End PBXProject section */

/* Begin PBXResourcesBuildPhase section */
		1D60588D0D05DD3D006BFB54 /* Resources */ = {
			isa = PBXResourcesBuildPhase;
			buildActionMask = 2147483647;
			files = (
				28AD733F0D9D9553002E5188 /* MainWindow.xib in Resources */,
				0F2E970C14E522FD00F091A4 /* bg_titlearea.png in Resources */,
				0F2E970D14E522FD00F091A4 /* icon_help.png in Resources */,
				0F2E970E14E522FD00F091A4 /* icon_help_xuanzhong.png in Resources */,
				0F2E970F14E522FD00F091A4 /* icon_yingpian.png in Resources */,
				0F2E971014E522FD00F091A4 /* icon_yingpian_xuanzhong.png in Resources */,
				0F2E971114E522FD00F091A4 /* icon_yingyuan.png in Resources */,
				0F2E971214E522FD00F091A4 /* icon_yingyuan_xuanzhong.png in Resources */,
				0F2E976914E5340500F091A4 /* btn_back.png in Resources */,
				0F2E976A14E5340500F091A4 /* dropselect.png in Resources */,
			);
			runOnlyForDeploymentPostprocessing = 0;
		};
/* End PBXResourcesBuildPhase section */

/* Begin PBXSourcesBuildPhase section */
		1D60588E0D05DD3D006BFB54 /* Sources */ = {
			isa = PBXSourcesBuildPhase;
			buildActionMask = 2147483647;
			files = (
				1D60589B0D05DD56006BFB54 /* main.m in Sources */,
				1D3623260D0F684500981E51 /* YuanXTAppDelegate.m in Sources */,
				CE82377114E39CE800412576 /* ASIAuthenticationDialog.m in Sources */,
				CE82377214E39CE800412576 /* ASIFormDataRequest.m in Sources */,
				CE82377314E39CE800412576 /* ASIHTTPRequest.m in Sources */,
				CE82377414E39CE800412576 /* ASIInputStream.m in Sources */,
				CE82377514E39CE800412576 /* ASINetworkQueue.m in Sources */,
				CE82377614E39CE800412576 /* ASINSStringAdditions.m in Sources */,
				CE82377714E39CE800412576 /* Reachability.m in Sources */,
				CE82377814E39CE800412576 /* NSObject+SBJSON.m in Sources */,
				CE82377914E39CE800412576 /* NSString+SBJSON.m in Sources */,
				CE82377A14E39CE800412576 /* SBJSON.m in Sources */,
				CE82377B14E39CE800412576 /* SBJsonBase.m in Sources */,
				CE82377C14E39CE800412576 /* SBJsonParser.m in Sources */,
				CE82377D14E39CE800412576 /* SBJsonWriter.m in Sources */,
				CE82379014E39DDC00412576 /* YXTNavigationController.m in Sources */,
				CE82379114E39DDC00412576 /* YXTTabBarController.m in Sources */,
				CE82379214E39DDC00412576 /* YXTCinimaTabController.m in Sources */,
				CE82379314E39DDC00412576 /* YXTFilmTabController.m in Sources */,
				CE82379414E39DDC00412576 /* YXTHelpTabController.m in Sources */,
				0F2E945214E4CE6E00F091A4 /* OFReachability.m in Sources */,
				0F2E945B14E4CEF000F091A4 /* YXTSettings.m in Sources */,
				0F2E967914E50D5500F091A4 /* YXTBasicTabController.m in Sources */,
				0F2E9A0214E652C500F091A4 /* YXTBasicViewController.m in Sources */,
				0F2E9CE714E7687300F091A4 /* OFXPRequest.m in Sources */,
				0F2E9DF014E7AF4800F091A4 /* YXTLocation.m in Sources */,
				0F2EA02414E7DF9C00F091A4 /* NSNotificationCenter+OF.m in Sources */,
			);
			runOnlyForDeploymentPostprocessing = 0;
		};
/* End PBXSourcesBuildPhase section */

/* Begin XCBuildConfiguration section */
		1D6058940D05DD3E006BFB54 /* Debug */ = {
			isa = XCBuildConfiguration;
			buildSettings = {
				ALWAYS_SEARCH_USER_PATHS = NO;
				COPY_PHASE_STRIP = NO;
				GCC_DYNAMIC_NO_PIC = NO;
				GCC_OPTIMIZATION_LEVEL = 0;
				GCC_PRECOMPILE_PREFIX_HEADER = YES;
				GCC_PREFIX_HEADER = YuanXT_Prefix.pch;
				INFOPLIST_FILE = "YuanXT-Info.plist";
				PRODUCT_NAME = YuanXT;
			};
			name = Debug;
		};
		1D6058950D05DD3E006BFB54 /* Release */ = {
			isa = XCBuildConfiguration;
			buildSettings = {
				ALWAYS_SEARCH_USER_PATHS = NO;
				COPY_PHASE_STRIP = YES;
				GCC_PRECOMPILE_PREFIX_HEADER = YES;
				GCC_PREFIX_HEADER = YuanXT_Prefix.pch;
				INFOPLIST_FILE = "YuanXT-Info.plist";
				PRODUCT_NAME = YuanXT;
				VALIDATE_PRODUCT = YES;
			};
			name = Release;
		};
		C01FCF4F08A954540054247B /* Debug */ = {
			isa = XCBuildConfiguration;
			buildSettings = {
				ARCHS = "$(ARCHS_STANDARD_32_BIT)";
				"CODE_SIGN_IDENTITY[sdk=iphoneos*]" = "iPhone Developer";
				GCC_C_LANGUAGE_STANDARD = c99;
				GCC_WARN_ABOUT_RETURN_TYPE = YES;
				GCC_WARN_UNUSED_VARIABLE = YES;
				PREBINDING = NO;
				SDKROOT = iphoneos;
			};
			name = Debug;
		};
		C01FCF5008A954540054247B /* Release */ = {
			isa = XCBuildConfiguration;
			buildSettings = {
				ARCHS = "$(ARCHS_STANDARD_32_BIT)";
				"CODE_SIGN_IDENTITY[sdk=iphoneos*]" = "iPhone Developer";
				GCC_C_LANGUAGE_STANDARD = c99;
				GCC_WARN_ABOUT_RETURN_TYPE = YES;
				GCC_WARN_UNUSED_VARIABLE = YES;
				OTHER_CFLAGS = "-DNS_BLOCK_ASSERTIONS=1";
				PREBINDING = NO;
				SDKROOT = iphoneos;
			};
			name = Release;
		};
/* End XCBuildConfiguration section */

/* Begin XCConfigurationList section */
		1D6058960D05DD3E006BFB54 /* Build configuration list for PBXNativeTarget "YuanXT" */ = {
			isa = XCConfigurationList;
			buildConfigurations = (
				1D6058940D05DD3E006BFB54 /* Debug */,
				1D6058950D05DD3E006BFB54 /* Release */,
			);
			defaultConfigurationIsVisible = 0;
			defaultConfigurationName = Release;
		};
		C01FCF4E08A954540054247B /* Build configuration list for PBXProject "YuanXT" */ = {
			isa = XCConfigurationList;
			buildConfigurations = (
				C01FCF4F08A954540054247B /* Debug */,
				C01FCF5008A954540054247B /* Release */,
			);
			defaultConfigurationIsVisible = 0;
			defaultConfigurationName = Release;
		};
/* End XCConfigurationList section */
	};
	rootObject = 29B97313FDCFA39411CA2CEA /* Project object */;
}
